// !$*UTF8*$!
{
	archiveVersion = 1;
	classes = {
	};
	objectVersion = 48;
	objects = {

/* Begin PBXBuildFile section */
		6CAC396C20536E72009A032C /* CircularImage.swift in Sources */ = {isa = PBXBuildFile; fileRef = 6CAC396B20536E72009A032C /* CircularImage.swift */; };
		6CB685E420538ED800DA442F /* ProfileViewController.swift in Sources */ = {isa = PBXBuildFile; fileRef = 6CB685E220538ED800DA442F /* ProfileViewController.swift */; };
		6CB685E520538ED800DA442F /* ProfileViewController.xib in Resources */ = {isa = PBXBuildFile; fileRef = 6CB685E320538ED800DA442F /* ProfileViewController.xib */; };
		6CB685F22055E08700DA442F /* Channel.swift in Sources */ = {isa = PBXBuildFile; fileRef = 6CB685F12055E08700DA442F /* Channel.swift */; };
		6CB685F42055E0F300DA442F /* MessageService.swift in Sources */ = {isa = PBXBuildFile; fileRef = 6CB685F32055E0F300DA442F /* MessageService.swift */; };
		6CB685F62055E3F300DA442F /* ChannelCell.swift in Sources */ = {isa = PBXBuildFile; fileRef = 6CB685F52055E3F300DA442F /* ChannelCell.swift */; };
		6CB685F92055E80D00DA442F /* AddChannelViewController.swift in Sources */ = {isa = PBXBuildFile; fileRef = 6CB685F72055E80D00DA442F /* AddChannelViewController.swift */; };
		6CB685FA2055E80D00DA442F /* AddChannelViewController.xib in Resources */ = {isa = PBXBuildFile; fileRef = 6CB685F82055E80D00DA442F /* AddChannelViewController.xib */; };
		6CC86EEB204F27950086082C /* AppDelegate.swift in Sources */ = {isa = PBXBuildFile; fileRef = 6CC86EEA204F27950086082C /* AppDelegate.swift */; };
		6CC86EF0204F27960086082C /* Main.storyboard in Resources */ = {isa = PBXBuildFile; fileRef = 6CC86EEE204F27960086082C /* Main.storyboard */; };
		6CC86EF2204F27960086082C /* Assets.xcassets in Resources */ = {isa = PBXBuildFile; fileRef = 6CC86EF1204F27960086082C /* Assets.xcassets */; };
		6CC86EF5204F27960086082C /* LaunchScreen.storyboard in Resources */ = {isa = PBXBuildFile; fileRef = 6CC86EF3204F27960086082C /* LaunchScreen.storyboard */; };
		6CC86F00204F95230086082C /* SWRevealViewController.m in Sources */ = {isa = PBXBuildFile; fileRef = 6CC86EFF204F95220086082C /* SWRevealViewController.m */; };
		6CC86F05204F9A200086082C /* ChatViewController.swift in Sources */ = {isa = PBXBuildFile; fileRef = 6CC86F04204F9A200086082C /* ChatViewController.swift */; };
		6CC86F07204F9A320086082C /* ChannelViewController.swift in Sources */ = {isa = PBXBuildFile; fileRef = 6CC86F06204F9A320086082C /* ChannelViewController.swift */; };
		6CC86F09204FA32D0086082C /* GradientView.swift in Sources */ = {isa = PBXBuildFile; fileRef = 6CC86F08204FA32D0086082C /* GradientView.swift */; };
		6CC86F0C2050C1F70086082C /* Constants.swift in Sources */ = {isa = PBXBuildFile; fileRef = 6CC86F0B2050C1F70086082C /* Constants.swift */; };
		6CC86F0E2050C84E0086082C /* LoginViewController.swift in Sources */ = {isa = PBXBuildFile; fileRef = 6CC86F0D2050C84E0086082C /* LoginViewController.swift */; };
		6CC86F102050D3640086082C /* CreateAccountViewController.swift in Sources */ = {isa = PBXBuildFile; fileRef = 6CC86F0F2050D3640086082C /* CreateAccountViewController.swift */; };
		6CC86F132050E5180086082C /* AuthService.swift in Sources */ = {isa = PBXBuildFile; fileRef = 6CC86F122050E5180086082C /* AuthService.swift */; };
		6CC86F1520521DD30086082C /* RoundedButton.swift in Sources */ = {isa = PBXBuildFile; fileRef = 6CC86F1420521DD20086082C /* RoundedButton.swift */; };
		6CC86F17205233340086082C /* UserDataService.swift in Sources */ = {isa = PBXBuildFile; fileRef = 6CC86F16205233340086082C /* UserDataService.swift */; };
		6CC86F19205240F10086082C /* AvatarPickerViewController.swift in Sources */ = {isa = PBXBuildFile; fileRef = 6CC86F18205240F10086082C /* AvatarPickerViewController.swift */; };
		6CC86F1B2052423A0086082C /* AvatarCell.swift in Sources */ = {isa = PBXBuildFile; fileRef = 6CC86F1A2052423A0086082C /* AvatarCell.swift */; };
		F1ADC3EB76D58324927469B0 /* Pods_smackChat.framework in Frameworks */ = {isa = PBXBuildFile; fileRef = 41711D85DB99509DFAA538CA /* Pods_smackChat.framework */; };
/* End PBXBuildFile section */

/* Begin PBXFileReference section */
		41711D85DB99509DFAA538CA /* Pods_smackChat.framework */ = {isa = PBXFileReference; explicitFileType = wrapper.framework; includeInIndex = 0; path = Pods_smackChat.framework; sourceTree = BUILT_PRODUCTS_DIR; };
		6CAC396B20536E72009A032C /* CircularImage.swift */ = {isa = PBXFileReference; lastKnownFileType = sourcecode.swift; path = CircularImage.swift; sourceTree = "<group>"; };
		6CB685E220538ED800DA442F /* ProfileViewController.swift */ = {isa = PBXFileReference; lastKnownFileType = sourcecode.swift; path = ProfileViewController.swift; sourceTree = "<group>"; };
		6CB685E320538ED800DA442F /* ProfileViewController.xib */ = {isa = PBXFileReference; lastKnownFileType = file.xib; path = ProfileViewController.xib; sourceTree = "<group>"; };
		6CB685F12055E08700DA442F /* Channel.swift */ = {isa = PBXFileReference; lastKnownFileType = sourcecode.swift; name = Channel.swift; path = smackChat/Controller/Channel.swift; sourceTree = SOURCE_ROOT; };
		6CB685F32055E0F300DA442F /* MessageService.swift */ = {isa = PBXFileReference; lastKnownFileType = sourcecode.swift; path = MessageService.swift; sourceTree = "<group>"; };
		6CB685F52055E3F300DA442F /* ChannelCell.swift */ = {isa = PBXFileReference; lastKnownFileType = sourcecode.swift; path = ChannelCell.swift; sourceTree = "<group>"; };
		6CB685F72055E80D00DA442F /* AddChannelViewController.swift */ = {isa = PBXFileReference; lastKnownFileType = sourcecode.swift; path = AddChannelViewController.swift; sourceTree = "<group>"; };
		6CB685F82055E80D00DA442F /* AddChannelViewController.xib */ = {isa = PBXFileReference; lastKnownFileType = file.xib; path = AddChannelViewController.xib; sourceTree = "<group>"; };
		6CC86EE7204F27950086082C /* smackChat.app */ = {isa = PBXFileReference; explicitFileType = wrapper.application; includeInIndex = 0; path = smackChat.app; sourceTree = BUILT_PRODUCTS_DIR; };
		6CC86EEA204F27950086082C /* AppDelegate.swift */ = {isa = PBXFileReference; lastKnownFileType = sourcecode.swift; path = AppDelegate.swift; sourceTree = "<group>"; };
		6CC86EEF204F27960086082C /* Base */ = {isa = PBXFileReference; lastKnownFileType = file.storyboard; name = Base; path = Base.lproj/Main.storyboard; sourceTree = "<group>"; };
		6CC86EF1204F27960086082C /* Assets.xcassets */ = {isa = PBXFileReference; lastKnownFileType = folder.assetcatalog; path = Assets.xcassets; sourceTree = "<group>"; };
		6CC86EF4204F27960086082C /* Base */ = {isa = PBXFileReference; lastKnownFileType = file.storyboard; name = Base; path = Base.lproj/LaunchScreen.storyboard; sourceTree = "<group>"; };
		6CC86EF6204F27960086082C /* Info.plist */ = {isa = PBXFileReference; lastKnownFileType = text.plist.xml; path = Info.plist; sourceTree = "<group>"; };
		6CC86EFD204F95210086082C /* smackChat-Bridging-Header.h */ = {isa = PBXFileReference; lastKnownFileType = sourcecode.c.h; path = "smackChat-Bridging-Header.h"; sourceTree = "<group>"; };
		6CC86EFE204F95220086082C /* SWRevealViewController.h */ = {isa = PBXFileReference; fileEncoding = 4; lastKnownFileType = sourcecode.c.h; path = SWRevealViewController.h; sourceTree = "<group>"; };
		6CC86EFF204F95220086082C /* SWRevealViewController.m */ = {isa = PBXFileReference; fileEncoding = 4; lastKnownFileType = sourcecode.c.objc; path = SWRevealViewController.m; sourceTree = "<group>"; };
		6CC86F04204F9A200086082C /* ChatViewController.swift */ = {isa = PBXFileReference; lastKnownFileType = sourcecode.swift; path = ChatViewController.swift; sourceTree = "<group>"; };
		6CC86F06204F9A320086082C /* ChannelViewController.swift */ = {isa = PBXFileReference; lastKnownFileType = sourcecode.swift; path = ChannelViewController.swift; sourceTree = "<group>"; };
		6CC86F08204FA32D0086082C /* GradientView.swift */ = {isa = PBXFileReference; lastKnownFileType = sourcecode.swift; path = GradientView.swift; sourceTree = "<group>"; };
		6CC86F0B2050C1F70086082C /* Constants.swift */ = {isa = PBXFileReference; lastKnownFileType = sourcecode.swift; path = Constants.swift; sourceTree = "<group>"; };
		6CC86F0D2050C84E0086082C /* LoginViewController.swift */ = {isa = PBXFileReference; lastKnownFileType = sourcecode.swift; path = LoginViewController.swift; sourceTree = "<group>"; };
		6CC86F0F2050D3640086082C /* CreateAccountViewController.swift */ = {isa = PBXFileReference; lastKnownFileType = sourcecode.swift; path = CreateAccountViewController.swift; sourceTree = "<group>"; };
		6CC86F122050E5180086082C /* AuthService.swift */ = {isa = PBXFileReference; lastKnownFileType = sourcecode.swift; path = AuthService.swift; sourceTree = "<group>"; };
		6CC86F1420521DD20086082C /* RoundedButton.swift */ = {isa = PBXFileReference; lastKnownFileType = sourcecode.swift; path = RoundedButton.swift; sourceTree = "<group>"; };
		6CC86F16205233340086082C /* UserDataService.swift */ = {isa = PBXFileReference; lastKnownFileType = sourcecode.swift; path = UserDataService.swift; sourceTree = "<group>"; };
		6CC86F18205240F10086082C /* AvatarPickerViewController.swift */ = {isa = PBXFileReference; lastKnownFileType = sourcecode.swift; path = AvatarPickerViewController.swift; sourceTree = "<group>"; };
		6CC86F1A2052423A0086082C /* AvatarCell.swift */ = {isa = PBXFileReference; lastKnownFileType = sourcecode.swift; path = AvatarCell.swift; sourceTree = "<group>"; };
		761123867279190CAC66CA76 /* Pods-smackChat.debug.xcconfig */ = {isa = PBXFileReference; includeInIndex = 1; lastKnownFileType = text.xcconfig; name = "Pods-smackChat.debug.xcconfig"; path = "Pods/Target Support Files/Pods-smackChat/Pods-smackChat.debug.xcconfig"; sourceTree = "<group>"; };
		89CB62410F8DD7519A9D2FFF /* Pods-smackChat.release.xcconfig */ = {isa = PBXFileReference; includeInIndex = 1; lastKnownFileType = text.xcconfig; name = "Pods-smackChat.release.xcconfig"; path = "Pods/Target Support Files/Pods-smackChat/Pods-smackChat.release.xcconfig"; sourceTree = "<group>"; };
/* End PBXFileReference section */

/* Begin PBXFrameworksBuildPhase section */
		6CC86EE4204F27950086082C /* Frameworks */ = {
			isa = PBXFrameworksBuildPhase;
			buildActionMask = 2147483647;
			files = (
				F1ADC3EB76D58324927469B0 /* Pods_smackChat.framework in Frameworks */,
			);
			runOnlyForDeploymentPostprocessing = 0;
		};
/* End PBXFrameworksBuildPhase section */

/* Begin PBXGroup section */
		29645E576537FAC19DD42422 /* Frameworks */ = {
			isa = PBXGroup;
			children = (
				41711D85DB99509DFAA538CA /* Pods_smackChat.framework */,
			);
			name = Frameworks;
			sourceTree = "<group>";
		};
		6CB685E620538F1800DA442F /* XIBs */ = {
			isa = PBXGroup;
			children = (
				6CB685E320538ED800DA442F /* ProfileViewController.xib */,
				6CB685F82055E80D00DA442F /* AddChannelViewController.xib */,
			);
			path = XIBs;
			sourceTree = "<group>";
		};
		6CC86EDE204F27950086082C = {
			isa = PBXGroup;
			children = (
				6CC86EE9204F27950086082C /* smackChat */,
				6CC86EE8204F27950086082C /* Products */,
				6EAFC6627314CC8DE677E662 /* Pods */,
				29645E576537FAC19DD42422 /* Frameworks */,
			);
			sourceTree = "<group>";
		};
		6CC86EE8204F27950086082C /* Products */ = {
			isa = PBXGroup;
			children = (
				6CC86EE7204F27950086082C /* smackChat.app */,
			);
			name = Products;
			sourceTree = "<group>";
		};
		6CC86EE9204F27950086082C /* smackChat */ = {
			isa = PBXGroup;
			children = (
				6CB685E620538F1800DA442F /* XIBs */,
				6CC86F112050E5010086082C /* Services */,
				6CC86F0A2050C1D80086082C /* utilities */,
				6CC86F03204F9A020086082C /* Model */,
				6CC86F02204F99FE0086082C /* View */,
				6CC86F01204F99F70086082C /* Controller */,
				6CC86EFC204F95080086082C /* supporting files */,
				6CC86EEA204F27950086082C /* AppDelegate.swift */,
				6CC86EEE204F27960086082C /* Main.storyboard */,
				6CC86EF1204F27960086082C /* Assets.xcassets */,
				6CC86EF3204F27960086082C /* LaunchScreen.storyboard */,
				6CC86EF6204F27960086082C /* Info.plist */,
			);
			path = smackChat;
			sourceTree = "<group>";
		};
		6CC86EFC204F95080086082C /* supporting files */ = {
			isa = PBXGroup;
			children = (
				6CC86EFE204F95220086082C /* SWRevealViewController.h */,
				6CC86EFF204F95220086082C /* SWRevealViewController.m */,
				6CC86EFD204F95210086082C /* smackChat-Bridging-Header.h */,
			);
			path = "supporting files";
			sourceTree = "<group>";
		};
		6CC86F01204F99F70086082C /* Controller */ = {
			isa = PBXGroup;
			children = (
				6CC86F04204F9A200086082C /* ChatViewController.swift */,
				6CC86F06204F9A320086082C /* ChannelViewController.swift */,
				6CC86F0D2050C84E0086082C /* LoginViewController.swift */,
				6CC86F0F2050D3640086082C /* CreateAccountViewController.swift */,
				6CC86F18205240F10086082C /* AvatarPickerViewController.swift */,
				6CB685E220538ED800DA442F /* ProfileViewController.swift */,
				6CB685F72055E80D00DA442F /* AddChannelViewController.swift */,
			);
			path = Controller;
			sourceTree = "<group>";
		};
		6CC86F02204F99FE0086082C /* View */ = {
			isa = PBXGroup;
			children = (
				6CC86F08204FA32D0086082C /* GradientView.swift */,
				6CC86F1420521DD20086082C /* RoundedButton.swift */,
				6CC86F1A2052423A0086082C /* AvatarCell.swift */,
				6CAC396B20536E72009A032C /* CircularImage.swift */,
				6CB685F52055E3F300DA442F /* ChannelCell.swift */,
			);
			path = View;
			sourceTree = "<group>";
		};
		6CC86F03204F9A020086082C /* Model */ = {
			isa = PBXGroup;
			children = (
				6CB685F12055E08700DA442F /* Channel.swift */,
			);
			path = Model;
			sourceTree = "<group>";
		};
		6CC86F0A2050C1D80086082C /* utilities */ = {
			isa = PBXGroup;
			children = (
				6CC86F0B2050C1F70086082C /* Constants.swift */,
			);
			path = utilities;
			sourceTree = "<group>";
		};
		6CC86F112050E5010086082C /* Services */ = {
			isa = PBXGroup;
			children = (
				6CC86F122050E5180086082C /* AuthService.swift */,
				6CC86F16205233340086082C /* UserDataService.swift */,
				6CB685F32055E0F300DA442F /* MessageService.swift */,
			);
			path = Services;
			sourceTree = "<group>";
		};
		6EAFC6627314CC8DE677E662 /* Pods */ = {
			isa = PBXGroup;
			children = (
				761123867279190CAC66CA76 /* Pods-smackChat.debug.xcconfig */,
				89CB62410F8DD7519A9D2FFF /* Pods-smackChat.release.xcconfig */,
			);
			name = Pods;
			sourceTree = "<group>";
		};
/* End PBXGroup section */

/* Begin PBXNativeTarget section */
		6CC86EE6204F27950086082C /* smackChat */ = {
			isa = PBXNativeTarget;
			buildConfigurationList = 6CC86EF9204F27960086082C /* Build configuration list for PBXNativeTarget "smackChat" */;
			buildPhases = (
				98E87B9275136ADB5B9EC1EB /* [CP] Check Pods Manifest.lock */,
				6CC86EE3204F27950086082C /* Sources */,
				6CC86EE4204F27950086082C /* Frameworks */,
				6CC86EE5204F27950086082C /* Resources */,
				B0B0839AE2527AD3B1CCA9E6 /* [CP] Embed Pods Frameworks */,
				5E608E30C840752B76FB934E /* [CP] Copy Pods Resources */,
			);
			buildRules = (
			);
			dependencies = (
			);
			name = smackChat;
			productName = smackChat;
			productReference = 6CC86EE7204F27950086082C /* smackChat.app */;
			productType = "com.apple.product-type.application";
		};
/* End PBXNativeTarget section */

/* Begin PBXProject section */
		6CC86EDF204F27950086082C /* Project object */ = {
			isa = PBXProject;
			attributes = {
				LastSwiftUpdateCheck = 0920;
				LastUpgradeCheck = 0920;
				ORGANIZATIONNAME = "Rehan Parkar";
				TargetAttributes = {
					6CC86EE6204F27950086082C = {
						CreatedOnToolsVersion = 9.2;
						LastSwiftMigration = 0920;
						ProvisioningStyle = Automatic;
					};
				};
			};
			buildConfigurationList = 6CC86EE2204F27950086082C /* Build configuration list for PBXProject "smackChat" */;
			compatibilityVersion = "Xcode 8.0";
			developmentRegion = en;
			hasScannedForEncodings = 0;
			knownRegions = (
				en,
				Base,
			);
			mainGroup = 6CC86EDE204F27950086082C;
			productRefGroup = 6CC86EE8204F27950086082C /* Products */;
			projectDirPath = "";
			projectRoot = "";
			targets = (
				6CC86EE6204F27950086082C /* smackChat */,
			);
		};
/* End PBXProject section */

/* Begin PBXResourcesBuildPhase section */
		6CC86EE5204F27950086082C /* Resources */ = {
			isa = PBXResourcesBuildPhase;
			buildActionMask = 2147483647;
			files = (
				6CC86EF5204F27960086082C /* LaunchScreen.storyboard in Resources */,
				6CB685FA2055E80D00DA442F /* AddChannelViewController.xib in Resources */,
				6CC86EF2204F27960086082C /* Assets.xcassets in Resources */,
				6CB685E520538ED800DA442F /* ProfileViewController.xib in Resources */,
				6CC86EF0204F27960086082C /* Main.storyboard in Resources */,
			);
			runOnlyForDeploymentPostprocessing = 0;
		};
/* End PBXResourcesBuildPhase section */

/* Begin PBXShellScriptBuildPhase section */
		5E608E30C840752B76FB934E /* [CP] Copy Pods Resources */ = {
			isa = PBXShellScriptBuildPhase;
			buildActionMask = 2147483647;
			files = (
			);
			inputPaths = (
			);
			name = "[CP] Copy Pods Resources";
			outputPaths = (
			);
			runOnlyForDeploymentPostprocessing = 0;
			shellPath = /bin/sh;
			shellScript = "\"${SRCROOT}/Pods/Target Support Files/Pods-smackChat/Pods-smackChat-resources.sh\"\n";
			showEnvVarsInLog = 0;
		};
		98E87B9275136ADB5B9EC1EB /* [CP] Check Pods Manifest.lock */ = {
			isa = PBXShellScriptBuildPhase;
			buildActionMask = 2147483647;
			files = (
			);
			inputPaths = (
				"${PODS_PODFILE_DIR_PATH}/Podfile.lock",
				"${PODS_ROOT}/Manifest.lock",
			);
			name = "[CP] Check Pods Manifest.lock";
			outputPaths = (
				"$(DERIVED_FILE_DIR)/Pods-smackChat-checkManifestLockResult.txt",
			);
			runOnlyForDeploymentPostprocessing = 0;
			shellPath = /bin/sh;
			shellScript = "diff \"${PODS_PODFILE_DIR_PATH}/Podfile.lock\" \"${PODS_ROOT}/Manifest.lock\" > /dev/null\nif [ $? != 0 ] ; then\n    # print error to STDERR\n    echo \"error: The sandbox is not in sync with the Podfile.lock. Run 'pod install' or update your CocoaPods installation.\" >&2\n    exit 1\nfi\n# This output is used by Xcode 'outputs' to avoid re-running this script phase.\necho \"SUCCESS\" > \"${SCRIPT_OUTPUT_FILE_0}\"\n";
			showEnvVarsInLog = 0;
		};
		B0B0839AE2527AD3B1CCA9E6 /* [CP] Embed Pods Frameworks */ = {
			isa = PBXShellScriptBuildPhase;
			buildActionMask = 2147483647;
			files = (
			);
			inputPaths = (
				"${SRCROOT}/Pods/Target Support Files/Pods-smackChat/Pods-smackChat-frameworks.sh",
				"${BUILT_PRODUCTS_DIR}/Alamofire/Alamofire.framework",
				"${BUILT_PRODUCTS_DIR}/Socket.IO-Client-Swift/SocketIO.framework",
				"${BUILT_PRODUCTS_DIR}/Starscream/Starscream.framework",
				"${BUILT_PRODUCTS_DIR}/StarscreamSocketIO/StarscreamSocketIO.framework",
				"${BUILT_PRODUCTS_DIR}/SwiftyJSON/SwiftyJSON.framework",
			);
			name = "[CP] Embed Pods Frameworks";
			outputPaths = (
				"${TARGET_BUILD_DIR}/${FRAMEWORKS_FOLDER_PATH}/Alamofire.framework",
				"${TARGET_BUILD_DIR}/${FRAMEWORKS_FOLDER_PATH}/SocketIO.framework",
				"${TARGET_BUILD_DIR}/${FRAMEWORKS_FOLDER_PATH}/Starscream.framework",
				"${TARGET_BUILD_DIR}/${FRAMEWORKS_FOLDER_PATH}/StarscreamSocketIO.framework",
				"${TARGET_BUILD_DIR}/${FRAMEWORKS_FOLDER_PATH}/SwiftyJSON.framework",
			);
			runOnlyForDeploymentPostprocessing = 0;
			shellPath = /bin/sh;
			shellScript = "\"${SRCROOT}/Pods/Target Support Files/Pods-smackChat/Pods-smackChat-frameworks.sh\"\n";
			showEnvVarsInLog = 0;
		};
/* End PBXShellScriptBuildPhase section */

/* Begin PBXSourcesBuildPhase section */
		6CC86EE3204F27950086082C /* Sources */ = {
			isa = PBXSourcesBuildPhase;
			buildActionMask = 2147483647;
			files = (
				6CC86F0E2050C84E0086082C /* LoginViewController.swift in Sources */,
				6CB685F62055E3F300DA442F /* ChannelCell.swift in Sources */,
				6CB685F22055E08700DA442F /* Channel.swift in Sources */,
				6CC86F1520521DD30086082C /* RoundedButton.swift in Sources */,
				6CAC396C20536E72009A032C /* CircularImage.swift in Sources */,
				6CC86EEB204F27950086082C /* AppDelegate.swift in Sources */,
				6CC86F17205233340086082C /* UserDataService.swift in Sources */,
				6CB685F42055E0F300DA442F /* MessageService.swift in Sources */,
				6CC86F05204F9A200086082C /* ChatViewController.swift in Sources */,
				6CC86F132050E5180086082C /* AuthService.swift in Sources */,
				6CC86F19205240F10086082C /* AvatarPickerViewController.swift in Sources */,
				6CC86F09204FA32D0086082C /* GradientView.swift in Sources */,
				6CC86F102050D3640086082C /* CreateAccountViewController.swift in Sources */,
				6CB685F92055E80D00DA442F /* AddChannelViewController.swift in Sources */,
				6CC86F1B2052423A0086082C /* AvatarCell.swift in Sources */,
				6CC86F07204F9A320086082C /* ChannelViewController.swift in Sources */,
				6CB685E420538ED800DA442F /* ProfileViewController.swift in Sources */,
				6CC86F00204F95230086082C /* SWRevealViewController.m in Sources */,
				6CC86F0C2050C1F70086082C /* Constants.swift in Sources */,
			);
			runOnlyForDeploymentPostprocessing = 0;
		};
/* End PBXSourcesBuildPhase section */

/* Begin PBXVariantGroup section */
		6CC86EEE204F27960086082C /* Main.storyboard */ = {
			isa = PBXVariantGroup;
			children = (
				6CC86EEF204F27960086082C /* Base */,
			);
			name = Main.storyboard;
			sourceTree = "<group>";
		};
		6CC86EF3204F27960086082C /* LaunchScreen.storyboard */ = {
			isa = PBXVariantGroup;
			children = (
				6CC86EF4204F27960086082C /* Base */,
			);
			name = LaunchScreen.storyboard;
			sourceTree = "<group>";
		};
/* End PBXVariantGroup section */

/* Begin XCBuildConfiguration section */
		6CC86EF7204F27960086082C /* Debug */ = {
			isa = XCBuildConfiguration;
			buildSettings = {
				ALWAYS_SEARCH_USER_PATHS = NO;
				CLANG_ANALYZER_NONNULL = YES;
				CLANG_ANALYZER_NUMBER_OBJECT_CONVERSION = YES_AGGRESSIVE;
				CLANG_CXX_LANGUAGE_STANDARD = "gnu++14";
				CLANG_CXX_LIBRARY = "libc++";
				CLANG_ENABLE_MODULES = YES;
				CLANG_ENABLE_OBJC_ARC = YES;
				CLANG_WARN_BLOCK_CAPTURE_AUTORELEASING = YES;
				CLANG_WARN_BOOL_CONVERSION = YES;
				CLANG_WARN_COMMA = YES;
				CLANG_WARN_CONSTANT_CONVERSION = YES;
				CLANG_WARN_DIRECT_OBJC_ISA_USAGE = YES_ERROR;
				CLANG_WARN_DOCUMENTATION_COMMENTS = YES;
				CLANG_WARN_EMPTY_BODY = YES;
				CLANG_WARN_ENUM_CONVERSION = YES;
				CLANG_WARN_INFINITE_RECURSION = YES;
				CLANG_WARN_INT_CONVERSION = YES;
				CLANG_WARN_NON_LITERAL_NULL_CONVERSION = YES;
				CLANG_WARN_OBJC_LITERAL_CONVERSION = YES;
				CLANG_WARN_OBJC_ROOT_CLASS = YES_ERROR;
				CLANG_WARN_RANGE_LOOP_ANALYSIS = YES;
				CLANG_WARN_STRICT_PROTOTYPES = YES;
				CLANG_WARN_SUSPICIOUS_MOVE = YES;
				CLANG_WARN_UNGUARDED_AVAILABILITY = YES_AGGRESSIVE;
				CLANG_WARN_UNREACHABLE_CODE = YES;
				CLANG_WARN__DUPLICATE_METHOD_MATCH = YES;
				CODE_SIGN_IDENTITY = "iPhone Developer";
				COPY_PHASE_STRIP = NO;
				DEBUG_INFORMATION_FORMAT = dwarf;
				ENABLE_STRICT_OBJC_MSGSEND = YES;
				ENABLE_TESTABILITY = YES;
				GCC_C_LANGUAGE_STANDARD = gnu11;
				GCC_DYNAMIC_NO_PIC = NO;
				GCC_NO_COMMON_BLOCKS = YES;
				GCC_OPTIMIZATION_LEVEL = 0;
				GCC_PREPROCESSOR_DEFINITIONS = (
					"DEBUG=1",
					"$(inherited)",
				);
				GCC_WARN_64_TO_32_BIT_CONVERSION = YES;
				GCC_WARN_ABOUT_RETURN_TYPE = YES_ERROR;
				GCC_WARN_UNDECLARED_SELECTOR = YES;
				GCC_WARN_UNINITIALIZED_AUTOS = YES_AGGRESSIVE;
				GCC_WARN_UNUSED_FUNCTION = YES;
				GCC_WARN_UNUSED_VARIABLE = YES;
				IPHONEOS_DEPLOYMENT_TARGET = 11.2;
				MTL_ENABLE_DEBUG_INFO = YES;
				ONLY_ACTIVE_ARCH = YES;
				SDKROOT = iphoneos;
				SWIFT_ACTIVE_COMPILATION_CONDITIONS = DEBUG;
				SWIFT_OPTIMIZATION_LEVEL = "-Onone";
			};
			name = Debug;
		};
		6CC86EF8204F27960086082C /* Release */ = {
			isa = XCBuildConfiguration;
			buildSettings = {
				ALWAYS_SEARCH_USER_PATHS = NO;
				CLANG_ANALYZER_NONNULL = YES;
				CLANG_ANALYZER_NUMBER_OBJECT_CONVERSION = YES_AGGRESSIVE;
				CLANG_CXX_LANGUAGE_STANDARD = "gnu++14";
				CLANG_CXX_LIBRARY = "libc++";
				CLANG_ENABLE_MODULES = YES;
				CLANG_ENABLE_OBJC_ARC = YES;
				CLANG_WARN_BLOCK_CAPTURE_AUTORELEASING = YES;
				CLANG_WARN_BOOL_CONVERSION = YES;
				CLANG_WARN_COMMA = YES;
				CLANG_WARN_CONSTANT_CONVERSION = YES;
				CLANG_WARN_DIRECT_OBJC_ISA_USAGE = YES_ERROR;
				CLANG_WARN_DOCUMENTATION_COMMENTS = YES;
				CLANG_WARN_EMPTY_BODY = YES;
				CLANG_WARN_ENUM_CONVERSION = YES;
				CLANG_WARN_INFINITE_RECURSION = YES;
				CLANG_WARN_INT_CONVERSION = YES;
				CLANG_WARN_NON_LITERAL_NULL_CONVERSION = YES;
				CLANG_WARN_OBJC_LITERAL_CONVERSION = YES;
				CLANG_WARN_OBJC_ROOT_CLASS = YES_ERROR;
				CLANG_WARN_RANGE_LOOP_ANALYSIS = YES;
				CLANG_WARN_STRICT_PROTOTYPES = YES;
				CLANG_WARN_SUSPICIOUS_MOVE = YES;
				CLANG_WARN_UNGUARDED_AVAILABILITY = YES_AGGRESSIVE;
				CLANG_WARN_UNREACHABLE_CODE = YES;
				CLANG_WARN__DUPLICATE_METHOD_MATCH = YES;
				CODE_SIGN_IDENTITY = "iPhone Developer";
				COPY_PHASE_STRIP = NO;
				DEBUG_INFORMATION_FORMAT = "dwarf-with-dsym";
				ENABLE_NS_ASSERTIONS = NO;
				ENABLE_STRICT_OBJC_MSGSEND = YES;
				GCC_C_LANGUAGE_STANDARD = gnu11;
				GCC_NO_COMMON_BLOCKS = YES;
				GCC_WARN_64_TO_32_BIT_CONVERSION = YES;
				GCC_WARN_ABOUT_RETURN_TYPE = YES_ERROR;
				GCC_WARN_UNDECLARED_SELECTOR = YES;
				GCC_WARN_UNINITIALIZED_AUTOS = YES_AGGRESSIVE;
				GCC_WARN_UNUSED_FUNCTION = YES;
				GCC_WARN_UNUSED_VARIABLE = YES;
				IPHONEOS_DEPLOYMENT_TARGET = 11.2;
				MTL_ENABLE_DEBUG_INFO = NO;
				SDKROOT = iphoneos;
				SWIFT_OPTIMIZATION_LEVEL = "-Owholemodule";
				VALIDATE_PRODUCT = YES;
			};
			name = Release;
		};
		6CC86EFA204F27960086082C /* Debug */ = {
			isa = XCBuildConfiguration;
			baseConfigurationReference = 761123867279190CAC66CA76 /* Pods-smackChat.debug.xcconfig */;
			buildSettings = {
				ASSETCATALOG_COMPILER_APPICON_NAME = AppIcon;
				CLANG_ENABLE_MODULES = YES;
				CODE_SIGN_STYLE = Automatic;
				INFOPLIST_FILE = smackChat/Info.plist;
				LD_RUNPATH_SEARCH_PATHS = "$(inherited) @executable_path/Frameworks";
				PRODUCT_BUNDLE_IDENTIFIER = com.parkar.smackChat;
				PRODUCT_NAME = "$(TARGET_NAME)";
				SWIFT_OBJC_BRIDGING_HEADER = "smackChat/supporting files/smackChat-Bridging-Header.h";
				SWIFT_OPTIMIZATION_LEVEL = "-Onone";
				SWIFT_VERSION = 4.0;
				TARGETED_DEVICE_FAMILY = "1,2";
			};
			name = Debug;
		};
		6CC86EFB204F27960086082C /* Release */ = {
			isa = XCBuildConfiguration;
			baseConfigurationReference = 89CB62410F8DD7519A9D2FFF /* Pods-smackChat.release.xcconfig */;
			buildSettings = {
				ASSETCATALOG_COMPILER_APPICON_NAME = AppIcon;
				CLANG_ENABLE_MODULES = YES;
				CODE_SIGN_STYLE = Automatic;
				INFOPLIST_FILE = smackChat/Info.plist;
				LD_RUNPATH_SEARCH_PATHS = "$(inherited) @executable_path/Frameworks";
				PRODUCT_BUNDLE_IDENTIFIER = com.parkar.smackChat;
				PRODUCT_NAME = "$(TARGET_NAME)";
				SWIFT_OBJC_BRIDGING_HEADER = "smackChat/supporting files/smackChat-Bridging-Header.h";
				SWIFT_VERSION = 4.0;
				TARGETED_DEVICE_FAMILY = "1,2";
			};
			name = Release;
		};
/* End XCBuildConfiguration section */

/* Begin XCConfigurationList section */
		6CC86EE2204F27950086082C /* Build configuration list for PBXProject "smackChat" */ = {
			isa = XCConfigurationList;
			buildConfigurations = (
				6CC86EF7204F27960086082C /* Debug */,
				6CC86EF8204F27960086082C /* Release */,
			);
			defaultConfigurationIsVisible = 0;
			defaultConfigurationName = Release;
		};
		6CC86EF9204F27960086082C /* Build configuration list for PBXNativeTarget "smackChat" */ = {
			isa = XCConfigurationList;
			buildConfigurations = (
				6CC86EFA204F27960086082C /* Debug */,
				6CC86EFB204F27960086082C /* Release */,
			);
			defaultConfigurationIsVisible = 0;
			defaultConfigurationName = Release;
		};
/* End XCConfigurationList section */
	};
	rootObject = 6CC86EDF204F27950086082C /* Project object */;
}
